// !$*UTF8*$!
{
	archiveVersion = 1;
	classes = {
	};
	objectVersion = 56;
	objects = {

/* Begin PBXBuildFile section */
		7E13C29F2A8588B8003BD784 /* ProjectionApp.swift in Sources */ = {isa = PBXBuildFile; fileRef = 7E13C29E2A8588B8003BD784 /* ProjectionApp.swift */; };
		7E13C2A12A8588B8003BD784 /* GoalListView.swift in Sources */ = {isa = PBXBuildFile; fileRef = 7E13C2A02A8588B8003BD784 /* GoalListView.swift */; };
		7E13C2A32A8588BA003BD784 /* Assets.xcassets in Resources */ = {isa = PBXBuildFile; fileRef = 7E13C2A22A8588BA003BD784 /* Assets.xcassets */; };
		7E13C2A72A8588BA003BD784 /* Preview Assets.xcassets in Resources */ = {isa = PBXBuildFile; fileRef = 7E13C2A62A8588BA003BD784 /* Preview Assets.xcassets */; };
		7E13C2B12A8588BA003BD784 /* ProjectionTests.swift in Sources */ = {isa = PBXBuildFile; fileRef = 7E13C2B02A8588BA003BD784 /* ProjectionTests.swift */; };
		7E13C2BB2A8588BB003BD784 /* ProjectionUITests.swift in Sources */ = {isa = PBXBuildFile; fileRef = 7E13C2BA2A8588BB003BD784 /* ProjectionUITests.swift */; };
		7E13C2BD2A8588BB003BD784 /* ProjectionUITestsLaunchTests.swift in Sources */ = {isa = PBXBuildFile; fileRef = 7E13C2BC2A8588BB003BD784 /* ProjectionUITestsLaunchTests.swift */; };
		7E13C2CB2A858A95003BD784 /* GoalView.swift in Sources */ = {isa = PBXBuildFile; fileRef = 7E13C2CA2A858A95003BD784 /* GoalView.swift */; };
		7E13C2CE2A858ACB003BD784 /* Goal.swift in Sources */ = {isa = PBXBuildFile; fileRef = 7E13C2CD2A858ACB003BD784 /* Goal.swift */; };
		7E13C2D02A858EB4003BD784 /* GoalCardView.swift in Sources */ = {isa = PBXBuildFile; fileRef = 7E13C2CF2A858EB4003BD784 /* GoalCardView.swift */; };
/* End PBXBuildFile section */

/* Begin PBXContainerItemProxy section */
		7E13C2AD2A8588BA003BD784 /* PBXContainerItemProxy */ = {
			isa = PBXContainerItemProxy;
			containerPortal = 7E13C2932A8588B8003BD784 /* Project object */;
			proxyType = 1;
			remoteGlobalIDString = 7E13C29A2A8588B8003BD784;
			remoteInfo = Projection;
		};
		7E13C2B72A8588BB003BD784 /* PBXContainerItemProxy */ = {
			isa = PBXContainerItemProxy;
			containerPortal = 7E13C2932A8588B8003BD784 /* Project object */;
			proxyType = 1;
			remoteGlobalIDString = 7E13C29A2A8588B8003BD784;
			remoteInfo = Projection;
		};
/* End PBXContainerItemProxy section */

/* Begin PBXFileReference section */
		7E13C29B2A8588B8003BD784 /* Projection.app */ = {isa = PBXFileReference; explicitFileType = wrapper.application; includeInIndex = 0; path = Projection.app; sourceTree = BUILT_PRODUCTS_DIR; };
		7E13C29E2A8588B8003BD784 /* ProjectionApp.swift */ = {isa = PBXFileReference; lastKnownFileType = sourcecode.swift; path = ProjectionApp.swift; sourceTree = "<group>"; };
		7E13C2A02A8588B8003BD784 /* GoalListView.swift */ = {isa = PBXFileReference; lastKnownFileType = sourcecode.swift; path = GoalListView.swift; sourceTree = "<group>"; };
		7E13C2A22A8588BA003BD784 /* Assets.xcassets */ = {isa = PBXFileReference; lastKnownFileType = folder.assetcatalog; path = Assets.xcassets; sourceTree = "<group>"; };
		7E13C2A42A8588BA003BD784 /* Projection.entitlements */ = {isa = PBXFileReference; lastKnownFileType = text.plist.entitlements; path = Projection.entitlements; sourceTree = "<group>"; };
		7E13C2A62A8588BA003BD784 /* Preview Assets.xcassets */ = {isa = PBXFileReference; lastKnownFileType = folder.assetcatalog; path = "Preview Assets.xcassets"; sourceTree = "<group>"; };
		7E13C2AC2A8588BA003BD784 /* ProjectionTests.xctest */ = {isa = PBXFileReference; explicitFileType = wrapper.cfbundle; includeInIndex = 0; path = ProjectionTests.xctest; sourceTree = BUILT_PRODUCTS_DIR; };
		7E13C2B02A8588BA003BD784 /* ProjectionTests.swift */ = {isa = PBXFileReference; lastKnownFileType = sourcecode.swift; path = ProjectionTests.swift; sourceTree = "<group>"; };
		7E13C2B62A8588BB003BD784 /* ProjectionUITests.xctest */ = {isa = PBXFileReference; explicitFileType = wrapper.cfbundle; includeInIndex = 0; path = ProjectionUITests.xctest; sourceTree = BUILT_PRODUCTS_DIR; };
		7E13C2BA2A8588BB003BD784 /* ProjectionUITests.swift */ = {isa = PBXFileReference; lastKnownFileType = sourcecode.swift; path = ProjectionUITests.swift; sourceTree = "<group>"; };
		7E13C2BC2A8588BB003BD784 /* ProjectionUITestsLaunchTests.swift */ = {isa = PBXFileReference; lastKnownFileType = sourcecode.swift; path = ProjectionUITestsLaunchTests.swift; sourceTree = "<group>"; };
		7E13C2CA2A858A95003BD784 /* GoalView.swift */ = {isa = PBXFileReference; lastKnownFileType = sourcecode.swift; path = GoalView.swift; sourceTree = "<group>"; };
		7E13C2CD2A858ACB003BD784 /* Goal.swift */ = {isa = PBXFileReference; lastKnownFileType = sourcecode.swift; path = Goal.swift; sourceTree = "<group>"; };
		7E13C2CF2A858EB4003BD784 /* GoalCardView.swift */ = {isa = PBXFileReference; lastKnownFileType = sourcecode.swift; path = GoalCardView.swift; sourceTree = "<group>"; };
/* End PBXFileReference section */

/* Begin PBXFrameworksBuildPhase section */
		7E13C2982A8588B8003BD784 /* Frameworks */ = {
			isa = PBXFrameworksBuildPhase;
			buildActionMask = 2147483647;
			files = (
			);
			runOnlyForDeploymentPostprocessing = 0;
		};
		7E13C2A92A8588BA003BD784 /* Frameworks */ = {
			isa = PBXFrameworksBuildPhase;
			buildActionMask = 2147483647;
			files = (
			);
			runOnlyForDeploymentPostprocessing = 0;
		};
		7E13C2B32A8588BB003BD784 /* Frameworks */ = {
			isa = PBXFrameworksBuildPhase;
			buildActionMask = 2147483647;
			files = (
			);
			runOnlyForDeploymentPostprocessing = 0;
		};
/* End PBXFrameworksBuildPhase section */

/* Begin PBXGroup section */
		7E13C2922A8588B8003BD784 = {
			isa = PBXGroup;
			children = (
				7E13C29D2A8588B8003BD784 /* Projection */,
				7E13C2AF2A8588BA003BD784 /* ProjectionTests */,
				7E13C2B92A8588BB003BD784 /* ProjectionUITests */,
				7E13C29C2A8588B8003BD784 /* Products */,
			);
			sourceTree = "<group>";
		};
		7E13C29C2A8588B8003BD784 /* Products */ = {
			isa = PBXGroup;
			children = (
				7E13C29B2A8588B8003BD784 /* Projection.app */,
				7E13C2AC2A8588BA003BD784 /* ProjectionTests.xctest */,
				7E13C2B62A8588BB003BD784 /* ProjectionUITests.xctest */,
			);
			name = Products;
			sourceTree = "<group>";
		};
		7E13C29D2A8588B8003BD784 /* Projection */ = {
			isa = PBXGroup;
			children = (
				7E13C2CC2A858AC2003BD784 /* Models */,
				7E13C2C92A858A88003BD784 /* Views */,
				7E13C29E2A8588B8003BD784 /* ProjectionApp.swift */,
				7E13C2A22A8588BA003BD784 /* Assets.xcassets */,
				7E13C2A42A8588BA003BD784 /* Projection.entitlements */,
				7E13C2A52A8588BA003BD784 /* Preview Content */,
			);
			path = Projection;
			sourceTree = "<group>";
		};
		7E13C2A52A8588BA003BD784 /* Preview Content */ = {
			isa = PBXGroup;
			children = (
				7E13C2A62A8588BA003BD784 /* Preview Assets.xcassets */,
			);
			path = "Preview Content";
			sourceTree = "<group>";
		};
		7E13C2AF2A8588BA003BD784 /* ProjectionTests */ = {
			isa = PBXGroup;
			children = (
				7E13C2B02A8588BA003BD784 /* ProjectionTests.swift */,
			);
			path = ProjectionTests;
			sourceTree = "<group>";
		};
		7E13C2B92A8588BB003BD784 /* ProjectionUITests */ = {
			isa = PBXGroup;
			children = (
				7E13C2BA2A8588BB003BD784 /* ProjectionUITests.swift */,
				7E13C2BC2A8588BB003BD784 /* ProjectionUITestsLaunchTests.swift */,
			);
			path = ProjectionUITests;
			sourceTree = "<group>";
		};
		7E13C2C92A858A88003BD784 /* Views */ = {
			isa = PBXGroup;
			children = (
				7E13C2A02A8588B8003BD784 /* GoalListView.swift */,
				7E13C2CA2A858A95003BD784 /* GoalView.swift */,
				7E13C2CF2A858EB4003BD784 /* GoalCardView.swift */,
			);
			path = Views;
			sourceTree = "<group>";
		};
		7E13C2CC2A858AC2003BD784 /* Models */ = {
			isa = PBXGroup;
			children = (
				7E13C2CD2A858ACB003BD784 /* Goal.swift */,
			);
			path = Models;
			sourceTree = "<group>";
		};
/* End PBXGroup section */

/* Begin PBXNativeTarget section */
		7E13C29A2A8588B8003BD784 /* Projection */ = {
			isa = PBXNativeTarget;
			buildConfigurationList = 7E13C2C02A8588BB003BD784 /* Build configuration list for PBXNativeTarget "Projection" */;
			buildPhases = (
				7E13C2972A8588B8003BD784 /* Sources */,
				7E13C2982A8588B8003BD784 /* Frameworks */,
				7E13C2992A8588B8003BD784 /* Resources */,
			);
			buildRules = (
			);
			dependencies = (
			);
			name = Projection;
			productName = Projection;
			productReference = 7E13C29B2A8588B8003BD784 /* Projection.app */;
			productType = "com.apple.product-type.application";
		};
		7E13C2AB2A8588BA003BD784 /* ProjectionTests */ = {
			isa = PBXNativeTarget;
			buildConfigurationList = 7E13C2C32A8588BB003BD784 /* Build configuration list for PBXNativeTarget "ProjectionTests" */;
			buildPhases = (
				7E13C2A82A8588BA003BD784 /* Sources */,
				7E13C2A92A8588BA003BD784 /* Frameworks */,
				7E13C2AA2A8588BA003BD784 /* Resources */,
			);
			buildRules = (
			);
			dependencies = (
				7E13C2AE2A8588BA003BD784 /* PBXTargetDependency */,
			);
			name = ProjectionTests;
			productName = ProjectionTests;
			productReference = 7E13C2AC2A8588BA003BD784 /* ProjectionTests.xctest */;
			productType = "com.apple.product-type.bundle.unit-test";
		};
		7E13C2B52A8588BB003BD784 /* ProjectionUITests */ = {
			isa = PBXNativeTarget;
			buildConfigurationList = 7E13C2C62A8588BB003BD784 /* Build configuration list for PBXNativeTarget "ProjectionUITests" */;
			buildPhases = (
				7E13C2B22A8588BB003BD784 /* Sources */,
				7E13C2B32A8588BB003BD784 /* Frameworks */,
				7E13C2B42A8588BB003BD784 /* Resources */,
			);
			buildRules = (
			);
			dependencies = (
				7E13C2B82A8588BB003BD784 /* PBXTargetDependency */,
			);
			name = ProjectionUITests;
			productName = ProjectionUITests;
			productReference = 7E13C2B62A8588BB003BD784 /* ProjectionUITests.xctest */;
			productType = "com.apple.product-type.bundle.ui-testing";
		};
/* End PBXNativeTarget section */

/* Begin PBXProject section */
		7E13C2932A8588B8003BD784 /* Project object */ = {
			isa = PBXProject;
			attributes = {
				BuildIndependentTargetsInParallel = 1;
				LastSwiftUpdateCheck = 1430;
				LastUpgradeCheck = 1430;
				TargetAttributes = {
					7E13C29A2A8588B8003BD784 = {
						CreatedOnToolsVersion = 14.3.1;
					};
					7E13C2AB2A8588BA003BD784 = {
						CreatedOnToolsVersion = 14.3.1;
						TestTargetID = 7E13C29A2A8588B8003BD784;
					};
					7E13C2B52A8588BB003BD784 = {
						CreatedOnToolsVersion = 14.3.1;
						TestTargetID = 7E13C29A2A8588B8003BD784;
					};
				};
			};
			buildConfigurationList = 7E13C2962A8588B8003BD784 /* Build configuration list for PBXProject "Projection" */;
			compatibilityVersion = "Xcode 14.0";
			developmentRegion = en;
			hasScannedForEncodings = 0;
			knownRegions = (
				en,
				Base,
			);
			mainGroup = 7E13C2922A8588B8003BD784;
			productRefGroup = 7E13C29C2A8588B8003BD784 /* Products */;
			projectDirPath = "";
			projectRoot = "";
			targets = (
				7E13C29A2A8588B8003BD784 /* Projection */,
				7E13C2AB2A8588BA003BD784 /* ProjectionTests */,
				7E13C2B52A8588BB003BD784 /* ProjectionUITests */,
			);
		};
/* End PBXProject section */

/* Begin PBXResourcesBuildPhase section */
		7E13C2992A8588B8003BD784 /* Resources */ = {
			isa = PBXResourcesBuildPhase;
			buildActionMask = 2147483647;
			files = (
				7E13C2A72A8588BA003BD784 /* Preview Assets.xcassets in Resources */,
				7E13C2A32A8588BA003BD784 /* Assets.xcassets in Resources */,
			);
			runOnlyForDeploymentPostprocessing = 0;
		};
		7E13C2AA2A8588BA003BD784 /* Resources */ = {
			isa = PBXResourcesBuildPhase;
			buildActionMask = 2147483647;
			files = (
			);
			runOnlyForDeploymentPostprocessing = 0;
		};
		7E13C2B42A8588BB003BD784 /* Resources */ = {
			isa = PBXResourcesBuildPhase;
			buildActionMask = 2147483647;
			files = (
			);
			runOnlyForDeploymentPostprocessing = 0;
		};
/* End PBXResourcesBuildPhase section */

/* Begin PBXSourcesBuildPhase section */
		7E13C2972A8588B8003BD784 /* Sources */ = {
			isa = PBXSourcesBuildPhase;
			buildActionMask = 2147483647;
			files = (
				7E13C2CE2A858ACB003BD784 /* Goal.swift in Sources */,
				7E13C2CB2A858A95003BD784 /* GoalView.swift in Sources */,
				7E13C2A12A8588B8003BD784 /* GoalListView.swift in Sources */,
				7E13C29F2A8588B8003BD784 /* ProjectionApp.swift in Sources */,
				7E13C2D02A858EB4003BD784 /* GoalCardView.swift in Sources */,
			);
			runOnlyForDeploymentPostprocessing = 0;
		};
		7E13C2A82A8588BA003BD784 /* Sources */ = {
			isa = PBXSourcesBuildPhase;
			buildActionMask = 2147483647;
			files = (
				7E13C2B12A8588BA003BD784 /* ProjectionTests.swift in Sources */,
			);
			runOnlyForDeploymentPostprocessing = 0;
		};
		7E13C2B22A8588BB003BD784 /* Sources */ = {
			isa = PBXSourcesBuildPhase;
			buildActionMask = 2147483647;
			files = (
				7E13C2BB2A8588BB003BD784 /* ProjectionUITests.swift in Sources */,
				7E13C2BD2A8588BB003BD784 /* ProjectionUITestsLaunchTests.swift in Sources */,
			);
			runOnlyForDeploymentPostprocessing = 0;
		};
/* End PBXSourcesBuildPhase section */

/* Begin PBXTargetDependency section */
		7E13C2AE2A8588BA003BD784 /* PBXTargetDependency */ = {
			isa = PBXTargetDependency;
			target = 7E13C29A2A8588B8003BD784 /* Projection */;
			targetProxy = 7E13C2AD2A8588BA003BD784 /* PBXContainerItemProxy */;
		};
		7E13C2B82A8588BB003BD784 /* PBXTargetDependency */ = {
			isa = PBXTargetDependency;
			target = 7E13C29A2A8588B8003BD784 /* Projection */;
			targetProxy = 7E13C2B72A8588BB003BD784 /* PBXContainerItemProxy */;
		};
/* End PBXTargetDependency section */

/* Begin XCBuildConfiguration section */
		7E13C2BE2A8588BB003BD784 /* Debug */ = {
			isa = XCBuildConfiguration;
			buildSettings = {
				ALWAYS_SEARCH_USER_PATHS = NO;
				CLANG_ANALYZER_NONNULL = YES;
				CLANG_ANALYZER_NUMBER_OBJECT_CONVERSION = YES_AGGRESSIVE;
				CLANG_CXX_LANGUAGE_STANDARD = "gnu++20";
				CLANG_ENABLE_MODULES = YES;
				CLANG_ENABLE_OBJC_ARC = YES;
				CLANG_ENABLE_OBJC_WEAK = YES;
				CLANG_WARN_BLOCK_CAPTURE_AUTORELEASING = YES;
				CLANG_WARN_BOOL_CONVERSION = YES;
				CLANG_WARN_COMMA = YES;
				CLANG_WARN_CONSTANT_CONVERSION = YES;
				CLANG_WARN_DEPRECATED_OBJC_IMPLEMENTATIONS = YES;
				CLANG_WARN_DIRECT_OBJC_ISA_USAGE = YES_ERROR;
				CLANG_WARN_DOCUMENTATION_COMMENTS = YES;
				CLANG_WARN_EMPTY_BODY = YES;
				CLANG_WARN_ENUM_CONVERSION = YES;
				CLANG_WARN_INFINITE_RECURSION = YES;
				CLANG_WARN_INT_CONVERSION = YES;
				CLANG_WARN_NON_LITERAL_NULL_CONVERSION = YES;
				CLANG_WARN_OBJC_IMPLICIT_RETAIN_SELF = YES;
				CLANG_WARN_OBJC_LITERAL_CONVERSION = YES;
				CLANG_WARN_OBJC_ROOT_CLASS = YES_ERROR;
				CLANG_WARN_QUOTED_INCLUDE_IN_FRAMEWORK_HEADER = YES;
				CLANG_WARN_RANGE_LOOP_ANALYSIS = YES;
				CLANG_WARN_STRICT_PROTOTYPES = YES;
				CLANG_WARN_SUSPICIOUS_MOVE = YES;
				CLANG_WARN_UNGUARDED_AVAILABILITY = YES_AGGRESSIVE;
				CLANG_WARN_UNREACHABLE_CODE = YES;
				CLANG_WARN__DUPLICATE_METHOD_MATCH = YES;
				COPY_PHASE_STRIP = NO;
				DEBUG_INFORMATION_FORMAT = dwarf;
				ENABLE_STRICT_OBJC_MSGSEND = YES;
				ENABLE_TESTABILITY = YES;
				GCC_C_LANGUAGE_STANDARD = gnu11;
				GCC_DYNAMIC_NO_PIC = NO;
				GCC_NO_COMMON_BLOCKS = YES;
				GCC_OPTIMIZATION_LEVEL = 0;
				GCC_PREPROCESSOR_DEFINITIONS = (
					"DEBUG=1",
					"$(inherited)",
				);
				GCC_WARN_64_TO_32_BIT_CONVERSION = YES;
				GCC_WARN_ABOUT_RETURN_TYPE = YES_ERROR;
				GCC_WARN_UNDECLARED_SELECTOR = YES;
				GCC_WARN_UNINITIALIZED_AUTOS = YES_AGGRESSIVE;
				GCC_WARN_UNUSED_FUNCTION = YES;
				GCC_WARN_UNUSED_VARIABLE = YES;
				MTL_ENABLE_DEBUG_INFO = INCLUDE_SOURCE;
				MTL_FAST_MATH = YES;
				ONLY_ACTIVE_ARCH = YES;
				SWIFT_ACTIVE_COMPILATION_CONDITIONS = DEBUG;
				SWIFT_OPTIMIZATION_LEVEL = "-Onone";
			};
			name = Debug;
		};
		7E13C2BF2A8588BB003BD784 /* Release */ = {
			isa = XCBuildConfiguration;
			buildSettings = {
				ALWAYS_SEARCH_USER_PATHS = NO;
				CLANG_ANALYZER_NONNULL = YES;
				CLANG_ANALYZER_NUMBER_OBJECT_CONVERSION = YES_AGGRESSIVE;
				CLANG_CXX_LANGUAGE_STANDARD = "gnu++20";
				CLANG_ENABLE_MODULES = YES;
				CLANG_ENABLE_OBJC_ARC = YES;
				CLANG_ENABLE_OBJC_WEAK = YES;
				CLANG_WARN_BLOCK_CAPTURE_AUTORELEASING = YES;
				CLANG_WARN_BOOL_CONVERSION = YES;
				CLANG_WARN_COMMA = YES;
				CLANG_WARN_CONSTANT_CONVERSION = YES;
				CLANG_WARN_DEPRECATED_OBJC_IMPLEMENTATIONS = YES;
				CLANG_WARN_DIRECT_OBJC_ISA_USAGE = YES_ERROR;
				CLANG_WARN_DOCUMENTATION_COMMENTS = YES;
				CLANG_WARN_EMPTY_BODY = YES;
				CLANG_WARN_ENUM_CONVERSION = YES;
				CLANG_WARN_INFINITE_RECURSION = YES;
				CLANG_WARN_INT_CONVERSION = YES;
				CLANG_WARN_NON_LITERAL_NULL_CONVERSION = YES;
				CLANG_WARN_OBJC_IMPLICIT_RETAIN_SELF = YES;
				CLANG_WARN_OBJC_LITERAL_CONVERSION = YES;
				CLANG_WARN_OBJC_ROOT_CLASS = YES_ERROR;
				CLANG_WARN_QUOTED_INCLUDE_IN_FRAMEWORK_HEADER = YES;
				CLANG_WARN_RANGE_LOOP_ANALYSIS = YES;
				CLANG_WARN_STRICT_PROTOTYPES = YES;
				CLANG_WARN_SUSPICIOUS_MOVE = YES;
				CLANG_WARN_UNGUARDED_AVAILABILITY = YES_AGGRESSIVE;
				CLANG_WARN_UNREACHABLE_CODE = YES;
				CLANG_WARN__DUPLICATE_METHOD_MATCH = YES;
				COPY_PHASE_STRIP = NO;
				DEBUG_INFORMATION_FORMAT = "dwarf-with-dsym";
				ENABLE_NS_ASSERTIONS = NO;
				ENABLE_STRICT_OBJC_MSGSEND = YES;
				GCC_C_LANGUAGE_STANDARD = gnu11;
				GCC_NO_COMMON_BLOCKS = YES;
				GCC_WARN_64_TO_32_BIT_CONVERSION = YES;
				GCC_WARN_ABOUT_RETURN_TYPE = YES_ERROR;
				GCC_WARN_UNDECLARED_SELECTOR = YES;
				GCC_WARN_UNINITIALIZED_AUTOS = YES_AGGRESSIVE;
				GCC_WARN_UNUSED_FUNCTION = YES;
				GCC_WARN_UNUSED_VARIABLE = YES;
				MTL_ENABLE_DEBUG_INFO = NO;
				MTL_FAST_MATH = YES;
				SWIFT_COMPILATION_MODE = wholemodule;
				SWIFT_OPTIMIZATION_LEVEL = "-O";
			};
			name = Release;
		};
		7E13C2C12A8588BB003BD784 /* Debug */ = {
			isa = XCBuildConfiguration;
			buildSettings = {
				ASSETCATALOG_COMPILER_APPICON_NAME = AppIcon;
				ASSETCATALOG_COMPILER_GLOBAL_ACCENT_COLOR_NAME = AccentColor;
				CODE_SIGN_ENTITLEMENTS = Projection/Projection.entitlements;
				CODE_SIGN_STYLE = Automatic;
				CURRENT_PROJECT_VERSION = 1;
				DEVELOPMENT_ASSET_PATHS = "\"Projection/Preview Content\"";
				DEVELOPMENT_TEAM = FHBVZB2QCS;
				ENABLE_HARDENED_RUNTIME = YES;
				ENABLE_PREVIEWS = YES;
				GENERATE_INFOPLIST_FILE = YES;
				"INFOPLIST_KEY_UIApplicationSceneManifest_Generation[sdk=iphoneos*]" = YES;
				"INFOPLIST_KEY_UIApplicationSceneManifest_Generation[sdk=iphonesimulator*]" = YES;
				"INFOPLIST_KEY_UIApplicationSupportsIndirectInputEvents[sdk=iphoneos*]" = YES;
				"INFOPLIST_KEY_UIApplicationSupportsIndirectInputEvents[sdk=iphonesimulator*]" = YES;
				"INFOPLIST_KEY_UILaunchScreen_Generation[sdk=iphoneos*]" = YES;
				"INFOPLIST_KEY_UILaunchScreen_Generation[sdk=iphonesimulator*]" = YES;
				"INFOPLIST_KEY_UIStatusBarStyle[sdk=iphoneos*]" = UIStatusBarStyleDefault;
				"INFOPLIST_KEY_UIStatusBarStyle[sdk=iphonesimulator*]" = UIStatusBarStyleDefault;
				INFOPLIST_KEY_UISupportedInterfaceOrientations_iPad = "UIInterfaceOrientationPortrait UIInterfaceOrientationPortraitUpsideDown UIInterfaceOrientationLandscapeLeft UIInterfaceOrientationLandscapeRight";
				INFOPLIST_KEY_UISupportedInterfaceOrientations_iPhone = "UIInterfaceOrientationPortrait UIInterfaceOrientationLandscapeLeft UIInterfaceOrientationLandscapeRight";
				IPHONEOS_DEPLOYMENT_TARGET = 16.4;
				LD_RUNPATH_SEARCH_PATHS = "@executable_path/Frameworks";
				"LD_RUNPATH_SEARCH_PATHS[sdk=macosx*]" = "@executable_path/../Frameworks";
				MACOSX_DEPLOYMENT_TARGET = 13.3;
				MARKETING_VERSION = 1.0;
				PRODUCT_BUNDLE_IDENTIFIER = vestige.Projection;
				PRODUCT_NAME = "$(TARGET_NAME)";
				SDKROOT = auto;
				SUPPORTED_PLATFORMS = "iphoneos iphonesimulator macosx";
				SWIFT_EMIT_LOC_STRINGS = YES;
				SWIFT_VERSION = 5.0;
				TARGETED_DEVICE_FAMILY = "1,2";
			};
			name = Debug;
		};
		7E13C2C22A8588BB003BD784 /* Release */ = {
			isa = XCBuildConfiguration;
			buildSettings = {
				ASSETCATALOG_COMPILER_APPICON_NAME = AppIcon;
				ASSETCATALOG_COMPILER_GLOBAL_ACCENT_COLOR_NAME = AccentColor;
				CODE_SIGN_ENTITLEMENTS = Projection/Projection.entitlements;
				CODE_SIGN_STYLE = Automatic;
				CURRENT_PROJECT_VERSION = 1;
				DEVELOPMENT_ASSET_PATHS = "\"Projection/Preview Content\"";
				DEVELOPMENT_TEAM = FHBVZB2QCS;
				ENABLE_HARDENED_RUNTIME = YES;
				ENABLE_PREVIEWS = YES;
				GENERATE_INFOPLIST_FILE = YES;
				"INFOPLIST_KEY_UIApplicationSceneManifest_Generation[sdk=iphoneos*]" = YES;
				"INFOPLIST_KEY_UIApplicationSceneManifest_Generation[sdk=iphonesimulator*]" = YES;
				"INFOPLIST_KEY_UIApplicationSupportsIndirectInputEvents[sdk=iphoneos*]" = YES;
				"INFOPLIST_KEY_UIApplicationSupportsIndirectInputEvents[sdk=iphonesimulator*]" = YES;
				"INFOPLIST_KEY_UILaunchScreen_Generation[sdk=iphoneos*]" = YES;
				"INFOPLIST_KEY_UILaunchScreen_Generation[sdk=iphonesimulator*]" = YES;
				"INFOPLIST_KEY_UIStatusBarStyle[sdk=iphoneos*]" = UIStatusBarStyleDefault;
				"INFOPLIST_KEY_UIStatusBarStyle[sdk=iphonesimulator*]" = UIStatusBarStyleDefault;
				INFOPLIST_KEY_UISupportedInterfaceOrientations_iPad = "UIInterfaceOrientationPortrait UIInterfaceOrientationPortraitUpsideDown UIInterfaceOrientationLandscapeLeft UIInterfaceOrientationLandscapeRight";
				INFOPLIST_KEY_UISupportedInterfaceOrientations_iPhone = "UIInterfaceOrientationPortrait UIInterfaceOrientationLandscapeLeft UIInterfaceOrientationLandscapeRight";
				IPHONEOS_DEPLOYMENT_TARGET = 16.4;
				LD_RUNPATH_SEARCH_PATHS = "@executable_path/Frameworks";
				"LD_RUNPATH_SEARCH_PATHS[sdk=macosx*]" = "@executable_path/../Frameworks";
				MACOSX_DEPLOYMENT_TARGET = 13.3;
				MARKETING_VERSION = 1.0;
				PRODUCT_BUNDLE_IDENTIFIER = vestige.Projection;
				PRODUCT_NAME = "$(TARGET_NAME)";
				SDKROOT = auto;
				SUPPORTED_PLATFORMS = "iphoneos iphonesimulator macosx";
				SWIFT_EMIT_LOC_STRINGS = YES;
				SWIFT_VERSION = 5.0;
				TARGETED_DEVICE_FAMILY = "1,2";
			};
			name = Release;
		};
		7E13C2C42A8588BB003BD784 /* Debug */ = {
			isa = XCBuildConfiguration;
			buildSettings = {
				ALWAYS_EMBED_SWIFT_STANDARD_LIBRARIES = YES;
				BUNDLE_LOADER = "$(TEST_HOST)";
				CODE_SIGN_STYLE = Automatic;
				CURRENT_PROJECT_VERSION = 1;
				DEVELOPMENT_TEAM = FHBVZB2QCS;
				GENERATE_INFOPLIST_FILE = YES;
				IPHONEOS_DEPLOYMENT_TARGET = 16.4;
				MACOSX_DEPLOYMENT_TARGET = 13.3;
				MARKETING_VERSION = 1.0;
				PRODUCT_BUNDLE_IDENTIFIER = vestige.ProjectionTests;
				PRODUCT_NAME = "$(TARGET_NAME)";
				SDKROOT = auto;
				SUPPORTED_PLATFORMS = "iphoneos iphonesimulator macosx";
				SWIFT_EMIT_LOC_STRINGS = NO;
				SWIFT_VERSION = 5.0;
				TARGETED_DEVICE_FAMILY = "1,2";
				TEST_HOST = "$(BUILT_PRODUCTS_DIR)/Projection.app/$(BUNDLE_EXECUTABLE_FOLDER_PATH)/Projection";
			};
			name = Debug;
		};
		7E13C2C52A8588BB003BD784 /* Release */ = {
			isa = XCBuildConfiguration;
			buildSettings = {
				ALWAYS_EMBED_SWIFT_STANDARD_LIBRARIES = YES;
				BUNDLE_LOADER = "$(TEST_HOST)";
				CODE_SIGN_STYLE = Automatic;
				CURRENT_PROJECT_VERSION = 1;
				DEVELOPMENT_TEAM = FHBVZB2QCS;
				GENERATE_INFOPLIST_FILE = YES;
				IPHONEOS_DEPLOYMENT_TARGET = 16.4;
				MACOSX_DEPLOYMENT_TARGET = 13.3;
				MARKETING_VERSION = 1.0;
				PRODUCT_BUNDLE_IDENTIFIER = vestige.ProjectionTests;
				PRODUCT_NAME = "$(TARGET_NAME)";
				SDKROOT = auto;
				SUPPORTED_PLATFORMS = "iphoneos iphonesimulator macosx";
				SWIFT_EMIT_LOC_STRINGS = NO;
				SWIFT_VERSION = 5.0;
				TARGETED_DEVICE_FAMILY = "1,2";
				TEST_HOST = "$(BUILT_PRODUCTS_DIR)/Projection.app/$(BUNDLE_EXECUTABLE_FOLDER_PATH)/Projection";
			};
			name = Release;
		};
		7E13C2C72A8588BB003BD784 /* Debug */ = {
			isa = XCBuildConfiguration;
			buildSettings = {
				ALWAYS_EMBED_SWIFT_STANDARD_LIBRARIES = YES;
				CODE_SIGN_STYLE = Automatic;
				CURRENT_PROJECT_VERSION = 1;
				DEVELOPMENT_TEAM = FHBVZB2QCS;
				GENERATE_INFOPLIST_FILE = YES;
				IPHONEOS_DEPLOYMENT_TARGET = 16.4;
				MACOSX_DEPLOYMENT_TARGET = 13.3;
				MARKETING_VERSION = 1.0;
				PRODUCT_BUNDLE_IDENTIFIER = vestige.ProjectionUITests;
				PRODUCT_NAME = "$(TARGET_NAME)";
				SDKROOT = auto;
				SUPPORTED_PLATFORMS = "iphoneos iphonesimulator macosx";
				SWIFT_EMIT_LOC_STRINGS = NO;
				SWIFT_VERSION = 5.0;
				TARGETED_DEVICE_FAMILY = "1,2";
				TEST_TARGET_NAME = Projection;
			};
			name = Debug;
		};
		7E13C2C82A8588BB003BD784 /* Release */ = {
			isa = XCBuildConfiguration;
			buildSettings = {
				ALWAYS_EMBED_SWIFT_STANDARD_LIBRARIES = YES;
				CODE_SIGN_STYLE = Automatic;
				CURRENT_PROJECT_VERSION = 1;
				DEVELOPMENT_TEAM = FHBVZB2QCS;
				GENERATE_INFOPLIST_FILE = YES;
				IPHONEOS_DEPLOYMENT_TARGET = 16.4;
				MACOSX_DEPLOYMENT_TARGET = 13.3;
				MARKETING_VERSION = 1.0;
				PRODUCT_BUNDLE_IDENTIFIER = vestige.ProjectionUITests;
				PRODUCT_NAME = "$(TARGET_NAME)";
				SDKROOT = auto;
				SUPPORTED_PLATFORMS = "iphoneos iphonesimulator macosx";
				SWIFT_EMIT_LOC_STRINGS = NO;
				SWIFT_VERSION = 5.0;
				TARGETED_DEVICE_FAMILY = "1,2";
				TEST_TARGET_NAME = Projection;
			};
			name = Release;
		};
/* End XCBuildConfiguration section */

/* Begin XCConfigurationList section */
		7E13C2962A8588B8003BD784 /* Build configuration list for PBXProject "Projection" */ = {
			isa = XCConfigurationList;
			buildConfigurations = (
				7E13C2BE2A8588BB003BD784 /* Debug */,
				7E13C2BF2A8588BB003BD784 /* Release */,
			);
			defaultConfigurationIsVisible = 0;
			defaultConfigurationName = Release;
		};
		7E13C2C02A8588BB003BD784 /* Build configuration list for PBXNativeTarget "Projection" */ = {
			isa = XCConfigurationList;
			buildConfigurations = (
				7E13C2C12A8588BB003BD784 /* Debug */,
				7E13C2C22A8588BB003BD784 /* Release */,
			);
			defaultConfigurationIsVisible = 0;
			defaultConfigurationName = Release;
		};
		7E13C2C32A8588BB003BD784 /* Build configuration list for PBXNativeTarget "ProjectionTests" */ = {
			isa = XCConfigurationList;
			buildConfigurations = (
				7E13C2C42A8588BB003BD784 /* Debug */,
				7E13C2C52A8588BB003BD784 /* Release */,
			);
			defaultConfigurationIsVisible = 0;
			defaultConfigurationName = Release;
		};
		7E13C2C62A8588BB003BD784 /* Build configuration list for PBXNativeTarget "ProjectionUITests" */ = {
			isa = XCConfigurationList;
			buildConfigurations = (
				7E13C2C72A8588BB003BD784 /* Debug */,
				7E13C2C82A8588BB003BD784 /* Release */,
			);
			defaultConfigurationIsVisible = 0;
			defaultConfigurationName = Release;
		};
/* End XCConfigurationList section */
	};
	rootObject = 7E13C2932A8588B8003BD784 /* Project object */;
}
